
Microsoft Visual Studio Solution File, Format Version 12.00
# Visual Studio Version 17
VisualStudioVersion = 17.5.002.0
MinimumVisualStudioVersion = 10.0.40219.1
Project("{9A19103F-16F7-4668-BE54-9A1E7A4F7556}") = "CodeMasterQuiz", "CodeMasterQuiz.csproj", "{90397B8F-44DC-49A2-87D1-FB3B8B91FAE7}"
EndProject
Global
	GlobalSection(SolutionConfigurationPlatforms) = preSolution
		Debug|Any CPU = Debug|Any CPU
		Release|Any CPU = Release|Any CPU
	EndGlobalSection
	GlobalSection(ProjectConfigurationPlatforms) = postSolution
		{90397B8F-44DC-49A2-87D1-FB3B8B91FAE7}.Debug|Any CPU.ActiveCfg = Debug|Any CPU
		{90397B8F-44DC-49A2-87D1-FB3B8B91FAE7}.Debug|Any CPU.Build.0 = Debug|Any CPU
		{90397B8F-44DC-49A2-87D1-FB3B8B91FAE7}.Release|Any CPU.ActiveCfg = Release|Any CPU
		{90397B8F-44DC-49A2-87D1-FB3B8B91FAE7}.Release|Any CPU.Build.0 = Release|Any CPU
	EndGlobalSection
	GlobalSection(SolutionProperties) = preSolution
		HideSolutionNode = FALSE
	EndGlobalSection
	GlobalSection(ExtensibilityGlobals) = postSolution
		SolutionGuid = {DB1A57F0-744B-443E-965F-2FD628195F72}
	EndGlobalSection
EndGlobal
